
Microsoft Visual Studio Solution File, Format Version 12.00
# Visual Studio 14
VisualStudioVersion = 14.0.24720.0
MinimumVisualStudioVersion = 10.0.40219.1
Project("{FAE04EC0-301F-11D3-BF4B-00C04F79EFBC}") = "MyWpfApplication", "MyWpfApplication\MyWpfApplication.csproj", "{EEE0BDC8-051F-4167-BCDB-FB01CC4667E8}"
EndProject
Project("{930C7802-8A8C-48F9-8165-68863BCCD9DD}") = "SetupProject1", "SetupProject1\SetupProject1.wixproj", "{64090291-73F3-47EA-BDDD-C60E8ED070EF}"
EndProject
Project("{FAE04EC0-301F-11D3-BF4B-00C04F79EFBC}") = "MyWpfDependency", "MyWpfDependency\MyWpfDependency.csproj", "{32845B87-8054-47C0-A7ED-D8784AEB4226}"
EndProject
Global
	GlobalSection(SolutionConfigurationPlatforms) = preSolution
		Debug|Any CPU = Debug|Any CPU
		Debug|x86 = Debug|x86
		Release|Any CPU = Release|Any CPU
		Release|x86 = Release|x86
	EndGlobalSection
	GlobalSection(ProjectConfigurationPlatforms) = postSolution
		{EEE0BDC8-051F-4167-BCDB-FB01CC4667E8}.Debug|Any CPU.ActiveCfg = Debug|Any CPU
		{EEE0BDC8-051F-4167-BCDB-FB01CC4667E8}.Debug|Any CPU.Build.0 = Debug|Any CPU
		{EEE0BDC8-051F-4167-BCDB-FB01CC4667E8}.Debug|x86.ActiveCfg = Debug|Any CPU
		{EEE0BDC8-051F-4167-BCDB-FB01CC4667E8}.Debug|x86.Build.0 = Debug|Any CPU
		{EEE0BDC8-051F-4167-BCDB-FB01CC4667E8}.Release|Any CPU.ActiveCfg = Release|Any CPU
		{EEE0BDC8-051F-4167-BCDB-FB01CC4667E8}.Release|Any CPU.Build.0 = Release|Any CPU
		{EEE0BDC8-051F-4167-BCDB-FB01CC4667E8}.Release|x86.ActiveCfg = Release|Any CPU
		{EEE0BDC8-051F-4167-BCDB-FB01CC4667E8}.Release|x86.Build.0 = Release|Any CPU
		{64090291-73F3-47EA-BDDD-C60E8ED070EF}.Debug|Any CPU.ActiveCfg = Debug|x86
		{64090291-73F3-47EA-BDDD-C60E8ED070EF}.Debug|x86.ActiveCfg = Debug|x86
		{64090291-73F3-47EA-BDDD-C60E8ED070EF}.Debug|x86.Build.0 = Debug|x86
		{64090291-73F3-47EA-BDDD-C60E8ED070EF}.Release|Any CPU.ActiveCfg = Release|x86
		{64090291-73F3-47EA-BDDD-C60E8ED070EF}.Release|x86.ActiveCfg = Release|x86
		{64090291-73F3-47EA-BDDD-C60E8ED070EF}.Release|x86.Build.0 = Release|x86
		{32845B87-8054-47C0-A7ED-D8784AEB4226}.Debug|Any CPU.ActiveCfg = Debug|Any CPU
		{32845B87-8054-47C0-A7ED-D8784AEB4226}.Debug|Any CPU.Build.0 = Debug|Any CPU
		{32845B87-8054-47C0-A7ED-D8784AEB4226}.Debug|x86.ActiveCfg = Debug|Any CPU
		{32845B87-8054-47C0-A7ED-D8784AEB4226}.Debug|x86.Build.0 = Debug|Any CPU
		{32845B87-8054-47C0-A7ED-D8784AEB4226}.Release|Any CPU.ActiveCfg = Release|Any CPU
		{32845B87-8054-47C0-A7ED-D8784AEB4226}.Release|Any CPU.Build.0 = Release|Any CPU
		{32845B87-8054-47C0-A7ED-D8784AEB4226}.Release|x86.ActiveCfg = Release|Any CPU
		{32845B87-8054-47C0-A7ED-D8784AEB4226}.Release|x86.Build.0 = Release|Any CPU
	EndGlobalSection
	GlobalSection(SolutionProperties) = preSolution
		HideSolutionNode = FALSE
	EndGlobalSection
EndGlobal
